
Microsoft Visual Studio Solution File, Format Version 12.00
# Visual Studio Version 16
VisualStudioVersion = 16.0.31019.35
MinimumVisualStudioVersion = 10.0.40219.1
Project("{9A19103F-16F7-4668-BE54-9A1E7A4F7556}") = "AwesomeBlazor.MaterialDesign", "AwesomeBlazor.MaterialDesign\AwesomeBlazor.MaterialDesign.csproj", "{F3C1E007-1211-4A29-98DD-328CA9F5A2C6}"
EndProject
Project("{9A19103F-16F7-4668-BE54-9A1E7A4F7556}") = "AwesomeBlazor", "AwesomeBlazor\AwesomeBlazor.csproj", "{F6A1ED73-F026-4AC4-A69B-2C90B435125C}"
EndProject
Project("{9A19103F-16F7-4668-BE54-9A1E7A4F7556}") = "AwesomeBlazor.Bootstrap", "AwesomeBlazor.Bootstrap\AwesomeBlazor.Bootstrap.csproj", "{5784C505-109F-4FC6-9D02-4DD6BE463EEE}"
EndProject
Project("{9A19103F-16F7-4668-BE54-9A1E7A4F7556}") = "AwesomeBlazor.Services", "AwesomeBlazor.Services\AwesomeBlazor.Services.csproj", "{20A98F47-0757-4947-B0A4-A342C77B53D9}"
EndProject
Global
	GlobalSection(SolutionConfigurationPlatforms) = preSolution
		Debug|Any CPU = Debug|Any CPU
		Release|Any CPU = Release|Any CPU
	EndGlobalSection
	GlobalSection(ProjectConfigurationPlatforms) = postSolution
		{F3C1E007-1211-4A29-98DD-328CA9F5A2C6}.Debug|Any CPU.ActiveCfg = Debug|Any CPU
		{F3C1E007-1211-4A29-98DD-328CA9F5A2C6}.Debug|Any CPU.Build.0 = Debug|Any CPU
		{F3C1E007-1211-4A29-98DD-328CA9F5A2C6}.Release|Any CPU.ActiveCfg = Release|Any CPU
		{F3C1E007-1211-4A29-98DD-328CA9F5A2C6}.Release|Any CPU.Build.0 = Release|Any CPU
		{F6A1ED73-F026-4AC4-A69B-2C90B435125C}.Debug|Any CPU.ActiveCfg = Debug|Any CPU
		{F6A1ED73-F026-4AC4-A69B-2C90B435125C}.Debug|Any CPU.Build.0 = Debug|Any CPU
		{F6A1ED73-F026-4AC4-A69B-2C90B435125C}.Release|Any CPU.ActiveCfg = Release|Any CPU
		{F6A1ED73-F026-4AC4-A69B-2C90B435125C}.Release|Any CPU.Build.0 = Release|Any CPU
		{5784C505-109F-4FC6-9D02-4DD6BE463EEE}.Debug|Any CPU.ActiveCfg = Debug|Any CPU
		{5784C505-109F-4FC6-9D02-4DD6BE463EEE}.Debug|Any CPU.Build.0 = Debug|Any CPU
		{5784C505-109F-4FC6-9D02-4DD6BE463EEE}.Release|Any CPU.ActiveCfg = Release|Any CPU
		{5784C505-109F-4FC6-9D02-4DD6BE463EEE}.Release|Any CPU.Build.0 = Release|Any CPU
		{20A98F47-0757-4947-B0A4-A342C77B53D9}.Debug|Any CPU.ActiveCfg = Debug|Any CPU
		{20A98F47-0757-4947-B0A4-A342C77B53D9}.Debug|Any CPU.Build.0 = Debug|Any CPU
		{20A98F47-0757-4947-B0A4-A342C77B53D9}.Release|Any CPU.ActiveCfg = Release|Any CPU
		{20A98F47-0757-4947-B0A4-A342C77B53D9}.Release|Any CPU.Build.0 = Release|Any CPU
	EndGlobalSection
	GlobalSection(SolutionProperties) = preSolution
		HideSolutionNode = FALSE
	EndGlobalSection
	GlobalSection(ExtensibilityGlobals) = postSolution
		SolutionGuid = {1B01742E-5510-4395-947F-9DB9DEDD56CC}
	EndGlobalSection
EndGlobal
